
Microsoft Visual Studio Solution File, Format Version 12.00
# Visual Studio Version 16
VisualStudioVersion = 16.0.30907.101
MinimumVisualStudioVersion = 10.0.40219.1
Project("{FAE04EC0-301F-11D3-BF4B-00C04F79EFBC}") = "Ciss-222-Final_Project_Initial_ConsoleApp", "Ciss-222-Final_Project_Initial_ConsoleApp.csproj", "{1FD68A2E-709D-4136-8685-BB9EBCD554E1}"
EndProject
Global
	GlobalSection(SolutionConfigurationPlatforms) = preSolution
		Debug|Any CPU = Debug|Any CPU
		Release|Any CPU = Release|Any CPU
	EndGlobalSection
	GlobalSection(ProjectConfigurationPlatforms) = postSolution
		{1FD68A2E-709D-4136-8685-BB9EBCD554E1}.Debug|Any CPU.ActiveCfg = Debug|Any CPU
		{1FD68A2E-709D-4136-8685-BB9EBCD554E1}.Debug|Any CPU.Build.0 = Debug|Any CPU
		{1FD68A2E-709D-4136-8685-BB9EBCD554E1}.Release|Any CPU.ActiveCfg = Release|Any CPU
		{1FD68A2E-709D-4136-8685-BB9EBCD554E1}.Release|Any CPU.Build.0 = Release|Any CPU
	EndGlobalSection
	GlobalSection(SolutionProperties) = preSolution
		HideSolutionNode = FALSE
	EndGlobalSection
	GlobalSection(ExtensibilityGlobals) = postSolution
		SolutionGuid = {C21692CD-9DFE-479C-A99A-5DE89C36AFC5}
	EndGlobalSection
EndGlobal
